
Microsoft Visual Studio Solution File, Format Version 12.00
# Visual Studio Version 16
VisualStudioVersion = 16.0.30523.141
MinimumVisualStudioVersion = 10.0.40219.1
Project("{FAE04EC0-301F-11D3-BF4B-00C04F79EFBC}") = "DataAccess", "DataAccess\DataAccess.csproj", "{031D2983-AD61-4ADF-80F0-76C7FC410671}"
EndProject
Project("{FAE04EC0-301F-11D3-BF4B-00C04F79EFBC}") = "Api", "Api\Api.csproj", "{A54AA413-55E5-41A6-BFCE-C5A5BA7B4BB9}"
EndProject
Global
	GlobalSection(SolutionConfigurationPlatforms) = preSolution
		Debug|Any CPU = Debug|Any CPU
		Release|Any CPU = Release|Any CPU
	EndGlobalSection
	GlobalSection(ProjectConfigurationPlatforms) = postSolution
		{031D2983-AD61-4ADF-80F0-76C7FC410671}.Debug|Any CPU.ActiveCfg = Debug|Any CPU
		{031D2983-AD61-4ADF-80F0-76C7FC410671}.Debug|Any CPU.Build.0 = Debug|Any CPU
		{031D2983-AD61-4ADF-80F0-76C7FC410671}.Release|Any CPU.ActiveCfg = Release|Any CPU
		{031D2983-AD61-4ADF-80F0-76C7FC410671}.Release|Any CPU.Build.0 = Release|Any CPU
		{A54AA413-55E5-41A6-BFCE-C5A5BA7B4BB9}.Debug|Any CPU.ActiveCfg = Debug|Any CPU
		{A54AA413-55E5-41A6-BFCE-C5A5BA7B4BB9}.Debug|Any CPU.Build.0 = Debug|Any CPU
		{A54AA413-55E5-41A6-BFCE-C5A5BA7B4BB9}.Release|Any CPU.ActiveCfg = Release|Any CPU
		{A54AA413-55E5-41A6-BFCE-C5A5BA7B4BB9}.Release|Any CPU.Build.0 = Release|Any CPU
	EndGlobalSection
	GlobalSection(SolutionProperties) = preSolution
		HideSolutionNode = FALSE
	EndGlobalSection
	GlobalSection(ExtensibilityGlobals) = postSolution
		SolutionGuid = {B0E5996C-AC82-4503-AAB1-064683363334}
	EndGlobalSection
EndGlobal
